// !$*UTF8*$!
{
	archiveVersion = 1;
	classes = {
	};
	objectVersion = 50;
	objects = {

/* Begin PBXBuildFile section */
		EA84A5DF228EA4EA009E7955 /* AppDelegate.swift in Sources */ = {isa = PBXBuildFile; fileRef = EA84A5DE228EA4EA009E7955 /* AppDelegate.swift */; };
		EA84A5E1228EA4EA009E7955 /* ViewController.swift in Sources */ = {isa = PBXBuildFile; fileRef = EA84A5E0228EA4EA009E7955 /* ViewController.swift */; };
		EA84A5E4228EA4EA009E7955 /* Main.storyboard in Resources */ = {isa = PBXBuildFile; fileRef = EA84A5E2228EA4EA009E7955 /* Main.storyboard */; };
		EA84A5E6228EA4EB009E7955 /* Assets.xcassets in Resources */ = {isa = PBXBuildFile; fileRef = EA84A5E5228EA4EB009E7955 /* Assets.xcassets */; };
		EA84A5E9228EA4EB009E7955 /* LaunchScreen.storyboard in Resources */ = {isa = PBXBuildFile; fileRef = EA84A5E7228EA4EB009E7955 /* LaunchScreen.storyboard */; };
		EA84A5FA228EA6A7009E7955 /* AppRouter.swift in Sources */ = {isa = PBXBuildFile; fileRef = EA84A5F9228EA6A7009E7955 /* AppRouter.swift */; };
		EA84A5FC228EA6B0009E7955 /* AppContainer.swift in Sources */ = {isa = PBXBuildFile; fileRef = EA84A5FB228EA6B0009E7955 /* AppContainer.swift */; };
		EA84A5FE228EA7AC009E7955 /* BaseNavigationController.swift in Sources */ = {isa = PBXBuildFile; fileRef = EA84A5FD228EA7AC009E7955 /* BaseNavigationController.swift */; };
/* End PBXBuildFile section */

/* Begin PBXFileReference section */
		EA84A5DB228EA4EA009E7955 /* IMDbAPI-VIPER.app */ = {isa = PBXFileReference; explicitFileType = wrapper.application; includeInIndex = 0; path = "IMDbAPI-VIPER.app"; sourceTree = BUILT_PRODUCTS_DIR; };
		EA84A5DE228EA4EA009E7955 /* AppDelegate.swift */ = {isa = PBXFileReference; lastKnownFileType = sourcecode.swift; path = AppDelegate.swift; sourceTree = "<group>"; };
		EA84A5E0228EA4EA009E7955 /* ViewController.swift */ = {isa = PBXFileReference; lastKnownFileType = sourcecode.swift; path = ViewController.swift; sourceTree = "<group>"; };
		EA84A5E3228EA4EA009E7955 /* Base */ = {isa = PBXFileReference; lastKnownFileType = file.storyboard; name = Base; path = Base.lproj/Main.storyboard; sourceTree = "<group>"; };
		EA84A5E5228EA4EB009E7955 /* Assets.xcassets */ = {isa = PBXFileReference; lastKnownFileType = folder.assetcatalog; path = Assets.xcassets; sourceTree = "<group>"; };
		EA84A5E8228EA4EB009E7955 /* Base */ = {isa = PBXFileReference; lastKnownFileType = file.storyboard; name = Base; path = Base.lproj/LaunchScreen.storyboard; sourceTree = "<group>"; };
		EA84A5EA228EA4EB009E7955 /* Info.plist */ = {isa = PBXFileReference; lastKnownFileType = text.plist.xml; path = Info.plist; sourceTree = "<group>"; };
		EA84A5F9228EA6A7009E7955 /* AppRouter.swift */ = {isa = PBXFileReference; lastKnownFileType = sourcecode.swift; path = AppRouter.swift; sourceTree = "<group>"; };
		EA84A5FB228EA6B0009E7955 /* AppContainer.swift */ = {isa = PBXFileReference; lastKnownFileType = sourcecode.swift; path = AppContainer.swift; sourceTree = "<group>"; };
		EA84A5FD228EA7AC009E7955 /* BaseNavigationController.swift */ = {isa = PBXFileReference; lastKnownFileType = sourcecode.swift; path = BaseNavigationController.swift; sourceTree = "<group>"; };
/* End PBXFileReference section */

/* Begin PBXFrameworksBuildPhase section */
		EA84A5D8228EA4EA009E7955 /* Frameworks */ = {
			isa = PBXFrameworksBuildPhase;
			buildActionMask = 2147483647;
			files = (
			);
			runOnlyForDeploymentPostprocessing = 0;
		};
/* End PBXFrameworksBuildPhase section */

/* Begin PBXGroup section */
		EA84A5D2228EA4EA009E7955 = {
			isa = PBXGroup;
			children = (
				EA84A5DD228EA4EA009E7955 /* IMDbAPI-VIPER */,
				EA84A5DC228EA4EA009E7955 /* Products */,
			);
			sourceTree = "<group>";
		};
		EA84A5DC228EA4EA009E7955 /* Products */ = {
			isa = PBXGroup;
			children = (
				EA84A5DB228EA4EA009E7955 /* IMDbAPI-VIPER.app */,
			);
			name = Products;
			sourceTree = "<group>";
		};
		EA84A5DD228EA4EA009E7955 /* IMDbAPI-VIPER */ = {
			isa = PBXGroup;
			children = (
				EA84A5F0228EA536009E7955 /* App */,
				EA84A5F6228EA5AB009E7955 /* Base */,
				EA84A5F5228EA5A3009E7955 /* Utils */,
				EA84A5F4228EA59B009E7955 /* Views */,
				EA84A5F3228EA593009E7955 /* Network */,
				EA84A5F1228EA53C009E7955 /* Scenes */,
				EA84A5F2228EA548009E7955 /* Resources */,
				EA84A5F7228EA5BF009E7955 /* Supporting Files */,
			);
			path = "IMDbAPI-VIPER";
			sourceTree = "<group>";
		};
		EA84A5F0228EA536009E7955 /* App */ = {
			isa = PBXGroup;
			children = (
				EA84A5DE228EA4EA009E7955 /* AppDelegate.swift */,
				EA84A5F9228EA6A7009E7955 /* AppRouter.swift */,
				EA84A5FB228EA6B0009E7955 /* AppContainer.swift */,
			);
			path = App;
			sourceTree = "<group>";
		};
		EA84A5F1228EA53C009E7955 /* Scenes */ = {
			isa = PBXGroup;
			children = (
				EA84A5F8228EA5E4009E7955 /* Search */,
			);
			path = Scenes;
			sourceTree = "<group>";
		};
		EA84A5F2228EA548009E7955 /* Resources */ = {
			isa = PBXGroup;
			children = (
				EA84A5E5228EA4EB009E7955 /* Assets.xcassets */,
			);
			path = Resources;
			sourceTree = "<group>";
		};
		EA84A5F3228EA593009E7955 /* Network */ = {
			isa = PBXGroup;
			children = (
			);
			path = Network;
			sourceTree = "<group>";
		};
		EA84A5F4228EA59B009E7955 /* Views */ = {
			isa = PBXGroup;
			children = (
			);
			path = Views;
			sourceTree = "<group>";
		};
		EA84A5F5228EA5A3009E7955 /* Utils */ = {
			isa = PBXGroup;
			children = (
			);
			path = Utils;
			sourceTree = "<group>";
		};
		EA84A5F6228EA5AB009E7955 /* Base */ = {
			isa = PBXGroup;
			children = (
				EA84A5FD228EA7AC009E7955 /* BaseNavigationController.swift */,
			);
			path = Base;
			sourceTree = "<group>";
		};
		EA84A5F7228EA5BF009E7955 /* Supporting Files */ = {
			isa = PBXGroup;
			children = (
				EA84A5E7228EA4EB009E7955 /* LaunchScreen.storyboard */,
				EA84A5EA228EA4EB009E7955 /* Info.plist */,
			);
			path = "Supporting Files";
			sourceTree = "<group>";
		};
		EA84A5F8228EA5E4009E7955 /* Search */ = {
			isa = PBXGroup;
			children = (
				EA84A5E2228EA4EA009E7955 /* Main.storyboard */,
				EA84A5E0228EA4EA009E7955 /* ViewController.swift */,
			);
			path = Search;
			sourceTree = "<group>";
		};
/* End PBXGroup section */

/* Begin PBXNativeTarget section */
		EA84A5DA228EA4EA009E7955 /* IMDbAPI-VIPER */ = {
			isa = PBXNativeTarget;
			buildConfigurationList = EA84A5ED228EA4EB009E7955 /* Build configuration list for PBXNativeTarget "IMDbAPI-VIPER" */;
			buildPhases = (
				EA84A5D7228EA4EA009E7955 /* Sources */,
				EA84A5D8228EA4EA009E7955 /* Frameworks */,
				EA84A5D9228EA4EA009E7955 /* Resources */,
			);
			buildRules = (
			);
			dependencies = (
			);
			name = "IMDbAPI-VIPER";
			productName = "IMDbAPI-VIPER";
			productReference = EA84A5DB228EA4EA009E7955 /* IMDbAPI-VIPER.app */;
			productType = "com.apple.product-type.application";
		};
/* End PBXNativeTarget section */

/* Begin PBXProject section */
		EA84A5D3228EA4EA009E7955 /* Project object */ = {
			isa = PBXProject;
			attributes = {
				LastSwiftUpdateCheck = 1010;
				LastUpgradeCheck = 1010;
				ORGANIZATIONNAME = "Furkan Kurnaz";
				TargetAttributes = {
					EA84A5DA228EA4EA009E7955 = {
						CreatedOnToolsVersion = 10.1;
					};
				};
			};
			buildConfigurationList = EA84A5D6228EA4EA009E7955 /* Build configuration list for PBXProject "IMDbAPI-VIPER" */;
			compatibilityVersion = "Xcode 9.3";
			developmentRegion = en;
			hasScannedForEncodings = 0;
			knownRegions = (
				en,
				Base,
			);
			mainGroup = EA84A5D2228EA4EA009E7955;
			productRefGroup = EA84A5DC228EA4EA009E7955 /* Products */;
			projectDirPath = "";
			projectRoot = "";
			targets = (
				EA84A5DA228EA4EA009E7955 /* IMDbAPI-VIPER */,
			);
		};
/* End PBXProject section */

/* Begin PBXResourcesBuildPhase section */
		EA84A5D9228EA4EA009E7955 /* Resources */ = {
			isa = PBXResourcesBuildPhase;
			buildActionMask = 2147483647;
			files = (
				EA84A5E9228EA4EB009E7955 /* LaunchScreen.storyboard in Resources */,
				EA84A5E6228EA4EB009E7955 /* Assets.xcassets in Resources */,
				EA84A5E4228EA4EA009E7955 /* Main.storyboard in Resources */,
			);
			runOnlyForDeploymentPostprocessing = 0;
		};
/* End PBXResourcesBuildPhase section */

/* Begin PBXSourcesBuildPhase section */
		EA84A5D7228EA4EA009E7955 /* Sources */ = {
			isa = PBXSourcesBuildPhase;
			buildActionMask = 2147483647;
			files = (
				EA84A5E1228EA4EA009E7955 /* ViewController.swift in Sources */,
				EA84A5FC228EA6B0009E7955 /* AppContainer.swift in Sources */,
				EA84A5DF228EA4EA009E7955 /* AppDelegate.swift in Sources */,
				EA84A5FE228EA7AC009E7955 /* BaseNavigationController.swift in Sources */,
				EA84A5FA228EA6A7009E7955 /* AppRouter.swift in Sources */,
			);
			runOnlyForDeploymentPostprocessing = 0;
		};
/* End PBXSourcesBuildPhase section */

/* Begin PBXVariantGroup section */
		EA84A5E2228EA4EA009E7955 /* Main.storyboard */ = {
			isa = PBXVariantGroup;
			children = (
				EA84A5E3228EA4EA009E7955 /* Base */,
			);
			name = Main.storyboard;
			sourceTree = "<group>";
		};
		EA84A5E7228EA4EB009E7955 /* LaunchScreen.storyboard */ = {
			isa = PBXVariantGroup;
			children = (
				EA84A5E8228EA4EB009E7955 /* Base */,
			);
			name = LaunchScreen.storyboard;
			sourceTree = "<group>";
		};
/* End PBXVariantGroup section */

/* Begin XCBuildConfiguration section */
		EA84A5EB228EA4EB009E7955 /* Debug */ = {
			isa = XCBuildConfiguration;
			buildSettings = {
				ALWAYS_SEARCH_USER_PATHS = NO;
				CLANG_ANALYZER_NONNULL = YES;
				CLANG_ANALYZER_NUMBER_OBJECT_CONVERSION = YES_AGGRESSIVE;
				CLANG_CXX_LANGUAGE_STANDARD = "gnu++14";
				CLANG_CXX_LIBRARY = "libc++";
				CLANG_ENABLE_MODULES = YES;
				CLANG_ENABLE_OBJC_ARC = YES;
				CLANG_ENABLE_OBJC_WEAK = YES;
				CLANG_WARN_BLOCK_CAPTURE_AUTORELEASING = YES;
				CLANG_WARN_BOOL_CONVERSION = YES;
				CLANG_WARN_COMMA = YES;
				CLANG_WARN_CONSTANT_CONVERSION = YES;
				CLANG_WARN_DEPRECATED_OBJC_IMPLEMENTATIONS = YES;
				CLANG_WARN_DIRECT_OBJC_ISA_USAGE = YES_ERROR;
				CLANG_WARN_DOCUMENTATION_COMMENTS = YES;
				CLANG_WARN_EMPTY_BODY = YES;
				CLANG_WARN_ENUM_CONVERSION = YES;
				CLANG_WARN_INFINITE_RECURSION = YES;
				CLANG_WARN_INT_CONVERSION = YES;
				CLANG_WARN_NON_LITERAL_NULL_CONVERSION = YES;
				CLANG_WARN_OBJC_IMPLICIT_RETAIN_SELF = YES;
				CLANG_WARN_OBJC_LITERAL_CONVERSION = YES;
				CLANG_WARN_OBJC_ROOT_CLASS = YES_ERROR;
				CLANG_WARN_RANGE_LOOP_ANALYSIS = YES;
				CLANG_WARN_STRICT_PROTOTYPES = YES;
				CLANG_WARN_SUSPICIOUS_MOVE = YES;
				CLANG_WARN_UNGUARDED_AVAILABILITY = YES_AGGRESSIVE;
				CLANG_WARN_UNREACHABLE_CODE = YES;
				CLANG_WARN__DUPLICATE_METHOD_MATCH = YES;
				CODE_SIGN_IDENTITY = "iPhone Developer";
				COPY_PHASE_STRIP = NO;
				DEBUG_INFORMATION_FORMAT = dwarf;
				ENABLE_STRICT_OBJC_MSGSEND = YES;
				ENABLE_TESTABILITY = YES;
				GCC_C_LANGUAGE_STANDARD = gnu11;
				GCC_DYNAMIC_NO_PIC = NO;
				GCC_NO_COMMON_BLOCKS = YES;
				GCC_OPTIMIZATION_LEVEL = 0;
				GCC_PREPROCESSOR_DEFINITIONS = (
					"DEBUG=1",
					"$(inherited)",
				);
				GCC_WARN_64_TO_32_BIT_CONVERSION = YES;
				GCC_WARN_ABOUT_RETURN_TYPE = YES_ERROR;
				GCC_WARN_UNDECLARED_SELECTOR = YES;
				GCC_WARN_UNINITIALIZED_AUTOS = YES_AGGRESSIVE;
				GCC_WARN_UNUSED_FUNCTION = YES;
				GCC_WARN_UNUSED_VARIABLE = YES;
				IPHONEOS_DEPLOYMENT_TARGET = 12.1;
				MTL_ENABLE_DEBUG_INFO = INCLUDE_SOURCE;
				MTL_FAST_MATH = YES;
				ONLY_ACTIVE_ARCH = YES;
				SDKROOT = iphoneos;
				SWIFT_ACTIVE_COMPILATION_CONDITIONS = DEBUG;
				SWIFT_OPTIMIZATION_LEVEL = "-Onone";
			};
			name = Debug;
		};
		EA84A5EC228EA4EB009E7955 /* Release */ = {
			isa = XCBuildConfiguration;
			buildSettings = {
				ALWAYS_SEARCH_USER_PATHS = NO;
				CLANG_ANALYZER_NONNULL = YES;
				CLANG_ANALYZER_NUMBER_OBJECT_CONVERSION = YES_AGGRESSIVE;
				CLANG_CXX_LANGUAGE_STANDARD = "gnu++14";
				CLANG_CXX_LIBRARY = "libc++";
				CLANG_ENABLE_MODULES = YES;
				CLANG_ENABLE_OBJC_ARC = YES;
				CLANG_ENABLE_OBJC_WEAK = YES;
				CLANG_WARN_BLOCK_CAPTURE_AUTORELEASING = YES;
				CLANG_WARN_BOOL_CONVERSION = YES;
				CLANG_WARN_COMMA = YES;
				CLANG_WARN_CONSTANT_CONVERSION = YES;
				CLANG_WARN_DEPRECATED_OBJC_IMPLEMENTATIONS = YES;
				CLANG_WARN_DIRECT_OBJC_ISA_USAGE = YES_ERROR;
				CLANG_WARN_DOCUMENTATION_COMMENTS = YES;
				CLANG_WARN_EMPTY_BODY = YES;
				CLANG_WARN_ENUM_CONVERSION = YES;
				CLANG_WARN_INFINITE_RECURSION = YES;
				CLANG_WARN_INT_CONVERSION = YES;
				CLANG_WARN_NON_LITERAL_NULL_CONVERSION = YES;
				CLANG_WARN_OBJC_IMPLICIT_RETAIN_SELF = YES;
				CLANG_WARN_OBJC_LITERAL_CONVERSION = YES;
				CLANG_WARN_OBJC_ROOT_CLASS = YES_ERROR;
				CLANG_WARN_RANGE_LOOP_ANALYSIS = YES;
				CLANG_WARN_STRICT_PROTOTYPES = YES;
				CLANG_WARN_SUSPICIOUS_MOVE = YES;
				CLANG_WARN_UNGUARDED_AVAILABILITY = YES_AGGRESSIVE;
				CLANG_WARN_UNREACHABLE_CODE = YES;
				CLANG_WARN__DUPLICATE_METHOD_MATCH = YES;
				CODE_SIGN_IDENTITY = "iPhone Developer";
				COPY_PHASE_STRIP = NO;
				DEBUG_INFORMATION_FORMAT = "dwarf-with-dsym";
				ENABLE_NS_ASSERTIONS = NO;
				ENABLE_STRICT_OBJC_MSGSEND = YES;
				GCC_C_LANGUAGE_STANDARD = gnu11;
				GCC_NO_COMMON_BLOCKS = YES;
				GCC_WARN_64_TO_32_BIT_CONVERSION = YES;
				GCC_WARN_ABOUT_RETURN_TYPE = YES_ERROR;
				GCC_WARN_UNDECLARED_SELECTOR = YES;
				GCC_WARN_UNINITIALIZED_AUTOS = YES_AGGRESSIVE;
				GCC_WARN_UNUSED_FUNCTION = YES;
				GCC_WARN_UNUSED_VARIABLE = YES;
				IPHONEOS_DEPLOYMENT_TARGET = 12.1;
				MTL_ENABLE_DEBUG_INFO = NO;
				MTL_FAST_MATH = YES;
				SDKROOT = iphoneos;
				SWIFT_COMPILATION_MODE = wholemodule;
				SWIFT_OPTIMIZATION_LEVEL = "-O";
				VALIDATE_PRODUCT = YES;
			};
			name = Release;
		};
		EA84A5EE228EA4EB009E7955 /* Debug */ = {
			isa = XCBuildConfiguration;
			buildSettings = {
				ASSETCATALOG_COMPILER_APPICON_NAME = AppIcon;
				CODE_SIGN_STYLE = Automatic;
				DEVELOPMENT_TEAM = Y4XN42LNXP;
				INFOPLIST_FILE = "IMDbAPI-VIPER/Info.plist";
				LD_RUNPATH_SEARCH_PATHS = (
					"$(inherited)",
					"@executable_path/Frameworks",
				);
				PRODUCT_BUNDLE_IDENTIFIER = "com.furkankurnaz.IMDbAPI-VIPER";
				PRODUCT_NAME = "$(TARGET_NAME)";
				SWIFT_VERSION = 4.2;
				TARGETED_DEVICE_FAMILY = "1,2";
			};
			name = Debug;
		};
		EA84A5EF228EA4EB009E7955 /* Release */ = {
			isa = XCBuildConfiguration;
			buildSettings = {
				ASSETCATALOG_COMPILER_APPICON_NAME = AppIcon;
				CODE_SIGN_STYLE = Automatic;
				DEVELOPMENT_TEAM = Y4XN42LNXP;
				INFOPLIST_FILE = "IMDbAPI-VIPER/Info.plist";
				LD_RUNPATH_SEARCH_PATHS = (
					"$(inherited)",
					"@executable_path/Frameworks",
				);
				PRODUCT_BUNDLE_IDENTIFIER = "com.furkankurnaz.IMDbAPI-VIPER";
				PRODUCT_NAME = "$(TARGET_NAME)";
				SWIFT_VERSION = 4.2;
				TARGETED_DEVICE_FAMILY = "1,2";
			};
			name = Release;
		};
/* End XCBuildConfiguration section */

/* Begin XCConfigurationList section */
		EA84A5D6228EA4EA009E7955 /* Build configuration list for PBXProject "IMDbAPI-VIPER" */ = {
			isa = XCConfigurationList;
			buildConfigurations = (
				EA84A5EB228EA4EB009E7955 /* Debug */,
				EA84A5EC228EA4EB009E7955 /* Release */,
			);
			defaultConfigurationIsVisible = 0;
			defaultConfigurationName = Release;
		};
		EA84A5ED228EA4EB009E7955 /* Build configuration list for PBXNativeTarget "IMDbAPI-VIPER" */ = {
			isa = XCConfigurationList;
			buildConfigurations = (
				EA84A5EE228EA4EB009E7955 /* Debug */,
				EA84A5EF228EA4EB009E7955 /* Release */,
			);
			defaultConfigurationIsVisible = 0;
			defaultConfigurationName = Release;
		};
/* End XCConfigurationList section */
	};
	rootObject = EA84A5D3228EA4EA009E7955 /* Project object */;
}
